// !$*UTF8*$!
{
	archiveVersion = 1;
	classes = {
	};
	objectVersion = 46;
	objects = {

/* Begin PBXBuildFile section */
		7A4072CA1B5B9A3F000E2CA9 /* QueryArray.m in Sources */ = {isa = PBXBuildFile; fileRef = 7A4072C91B5B9A3F000E2CA9 /* QueryArray.m */; };
		7A4072CC1B5B9AFD000E2CA9 /* logo.png in Resources */ = {isa = PBXBuildFile; fileRef = 7A4072CB1B5B9AFD000E2CA9 /* logo.png */; };
		7A4072CF1B5B9CEB000E2CA9 /* Student.m in Sources */ = {isa = PBXBuildFile; fileRef = 7A4072CE1B5B9CEB000E2CA9 /* Student.m */; };
		7A414F281B5CC033008F887B /* ArrayCategory.m in Sources */ = {isa = PBXBuildFile; fileRef = 7A414F251B5CC033008F887B /* ArrayCategory.m */; };
		7A414F291B5CC033008F887B /* ArrayCategoryy.m in Sources */ = {isa = PBXBuildFile; fileRef = 7A414F271B5CC033008F887B /* ArrayCategoryy.m */; };
		7AA44DF11B56987000A02333 /* main.m in Sources */ = {isa = PBXBuildFile; fileRef = 7AA44DF01B56987000A02333 /* main.m */; };
		7AA44DFC1B56987000A02333 /* Assets.xcassets in Resources */ = {isa = PBXBuildFile; fileRef = 7AA44DFB1B56987000A02333 /* Assets.xcassets */; };
		7AA44DFF1B56987000A02333 /* LaunchScreen.storyboard in Resources */ = {isa = PBXBuildFile; fileRef = 7AA44DFD1B56987000A02333 /* LaunchScreen.storyboard */; };
		7AA44E0F1B5699E900A02333 /* AppDelegate.m in Sources */ = {isa = PBXBuildFile; fileRef = 7AA44E081B5699E900A02333 /* AppDelegate.m */; };
		7AA44E101B5699E900A02333 /* BootLogic.m in Sources */ = {isa = PBXBuildFile; fileRef = 7AA44E0A1B5699E900A02333 /* BootLogic.m */; };
		7AA44E111B5699E900A02333 /* ConsoleScreen.m in Sources */ = {isa = PBXBuildFile; fileRef = 7AA44E0C1B5699E900A02333 /* ConsoleScreen.m */; };
		7AA44E121B5699E900A02333 /* MainScreen.m in Sources */ = {isa = PBXBuildFile; fileRef = 7AA44E0E1B5699E900A02333 /* MainScreen.m */; };
		7AA44E171B569D6700A02333 /* CreatArray.m in Sources */ = {isa = PBXBuildFile; fileRef = 7AA44E161B569D6700A02333 /* CreatArray.m */; };
		7AA44E191B56A6CB00A02333 /* Data.plist in Resources */ = {isa = PBXBuildFile; fileRef = 7AA44E181B56A6CB00A02333 /* Data.plist */; };
		7AD2E3EA1B5BA503005F7608 /* SendMessage.m in Sources */ = {isa = PBXBuildFile; fileRef = 7AD2E3E91B5BA503005F7608 /* SendMessage.m */; };
		7AD2E3EE1B5BB3EC005F7608 /* numberOutput.m in Sources */ = {isa = PBXBuildFile; fileRef = 7AD2E3ED1B5BB3EC005F7608 /* numberOutput.m */; };
		7AD2E3F41B5BB79A005F7608 /* Football.m in Sources */ = {isa = PBXBuildFile; fileRef = 7AD2E3F31B5BB79A005F7608 /* Football.m */; };
		7AD2E3F71B5BB8E2005F7608 /* QueryArrayFootball.m in Sources */ = {isa = PBXBuildFile; fileRef = 7AD2E3F61B5BB8E2005F7608 /* QueryArrayFootball.m */; };
/* End PBXBuildFile section */

/* Begin PBXFileReference section */
		7A4072C81B5B9A3F000E2CA9 /* QueryArray.h */ = {isa = PBXFileReference; fileEncoding = 4; lastKnownFileType = sourcecode.c.h; path = QueryArray.h; sourceTree = "<group>"; };
		7A4072C91B5B9A3F000E2CA9 /* QueryArray.m */ = {isa = PBXFileReference; fileEncoding = 4; lastKnownFileType = sourcecode.c.objc; path = QueryArray.m; sourceTree = "<group>"; };
		7A4072CB1B5B9AFD000E2CA9 /* logo.png */ = {isa = PBXFileReference; lastKnownFileType = image.png; name = logo.png; path = AllOfApp/logo.png; sourceTree = "<group>"; };
		7A4072CD1B5B9CEB000E2CA9 /* Student.h */ = {isa = PBXFileReference; fileEncoding = 4; lastKnownFileType = sourcecode.c.h; path = Student.h; sourceTree = "<group>"; };
		7A4072CE1B5B9CEB000E2CA9 /* Student.m */ = {isa = PBXFileReference; fileEncoding = 4; lastKnownFileType = sourcecode.c.objc; path = Student.m; sourceTree = "<group>"; };
		7A414F241B5CC033008F887B /* ArrayCategory.h */ = {isa = PBXFileReference; fileEncoding = 4; lastKnownFileType = sourcecode.c.h; path = ArrayCategory.h; sourceTree = "<group>"; };
		7A414F251B5CC033008F887B /* ArrayCategory.m */ = {isa = PBXFileReference; fileEncoding = 4; lastKnownFileType = sourcecode.c.objc; path = ArrayCategory.m; sourceTree = "<group>"; };
		7A414F261B5CC033008F887B /* ArrayCategoryy.h */ = {isa = PBXFileReference; fileEncoding = 4; lastKnownFileType = sourcecode.c.h; path = ArrayCategoryy.h; sourceTree = "<group>"; };
		7A414F271B5CC033008F887B /* ArrayCategoryy.m */ = {isa = PBXFileReference; fileEncoding = 4; lastKnownFileType = sourcecode.c.objc; path = ArrayCategoryy.m; sourceTree = "<group>"; };
		7AA44DEC1B56987000A02333 /* AllOfApp.app */ = {isa = PBXFileReference; explicitFileType = wrapper.application; includeInIndex = 0; path = AllOfApp.app; sourceTree = BUILT_PRODUCTS_DIR; };
		7AA44DF01B56987000A02333 /* main.m */ = {isa = PBXFileReference; lastKnownFileType = sourcecode.c.objc; path = main.m; sourceTree = "<group>"; };
		7AA44DFB1B56987000A02333 /* Assets.xcassets */ = {isa = PBXFileReference; lastKnownFileType = folder.assetcatalog; path = Assets.xcassets; sourceTree = "<group>"; };
		7AA44DFE1B56987000A02333 /* Base */ = {isa = PBXFileReference; lastKnownFileType = file.storyboard; name = Base; path = Base.lproj/LaunchScreen.storyboard; sourceTree = "<group>"; };
		7AA44E001B56987000A02333 /* Info.plist */ = {isa = PBXFileReference; lastKnownFileType = text.plist.xml; path = Info.plist; sourceTree = "<group>"; };
		7AA44E071B5699E900A02333 /* AppDelegate.h */ = {isa = PBXFileReference; fileEncoding = 4; lastKnownFileType = sourcecode.c.h; path = AppDelegate.h; sourceTree = "<group>"; };
		7AA44E081B5699E900A02333 /* AppDelegate.m */ = {isa = PBXFileReference; fileEncoding = 4; lastKnownFileType = sourcecode.c.objc; path = AppDelegate.m; sourceTree = "<group>"; };
		7AA44E091B5699E900A02333 /* BootLogic.h */ = {isa = PBXFileReference; fileEncoding = 4; lastKnownFileType = sourcecode.c.h; path = BootLogic.h; sourceTree = "<group>"; };
		7AA44E0A1B5699E900A02333 /* BootLogic.m */ = {isa = PBXFileReference; fileEncoding = 4; lastKnownFileType = sourcecode.c.objc; path = BootLogic.m; sourceTree = "<group>"; };
		7AA44E0B1B5699E900A02333 /* ConsoleScreen.h */ = {isa = PBXFileReference; fileEncoding = 4; lastKnownFileType = sourcecode.c.h; path = ConsoleScreen.h; sourceTree = "<group>"; };
		7AA44E0C1B5699E900A02333 /* ConsoleScreen.m */ = {isa = PBXFileReference; fileEncoding = 4; lastKnownFileType = sourcecode.c.objc; path = ConsoleScreen.m; sourceTree = "<group>"; };
		7AA44E0D1B5699E900A02333 /* MainScreen.h */ = {isa = PBXFileReference; fileEncoding = 4; lastKnownFileType = sourcecode.c.h; path = MainScreen.h; sourceTree = "<group>"; };
		7AA44E0E1B5699E900A02333 /* MainScreen.m */ = {isa = PBXFileReference; fileEncoding = 4; lastKnownFileType = sourcecode.c.objc; path = MainScreen.m; sourceTree = "<group>"; };
		7AA44E131B569A6100A02333 /* PrefixHeader.pch */ = {isa = PBXFileReference; lastKnownFileType = sourcecode.c.h; path = PrefixHeader.pch; sourceTree = "<group>"; };
		7AA44E151B569D6700A02333 /* CreatArray.h */ = {isa = PBXFileReference; fileEncoding = 4; lastKnownFileType = sourcecode.c.h; path = CreatArray.h; sourceTree = "<group>"; };
		7AA44E161B569D6700A02333 /* CreatArray.m */ = {isa = PBXFileReference; fileEncoding = 4; lastKnownFileType = sourcecode.c.objc; path = CreatArray.m; sourceTree = "<group>"; };
		7AA44E181B56A6CB00A02333 /* Data.plist */ = {isa = PBXFileReference; fileEncoding = 4; lastKnownFileType = text.plist.xml; path = Data.plist; sourceTree = "<group>"; };
		7AD2E3E81B5BA503005F7608 /* SendMessage.h */ = {isa = PBXFileReference; fileEncoding = 4; lastKnownFileType = sourcecode.c.h; path = SendMessage.h; sourceTree = "<group>"; };
		7AD2E3E91B5BA503005F7608 /* SendMessage.m */ = {isa = PBXFileReference; fileEncoding = 4; lastKnownFileType = sourcecode.c.objc; path = SendMessage.m; sourceTree = "<group>"; };
		7AD2E3EC1B5BB3EC005F7608 /* numberOutput.h */ = {isa = PBXFileReference; fileEncoding = 4; lastKnownFileType = sourcecode.c.h; path = numberOutput.h; sourceTree = "<group>"; };
		7AD2E3ED1B5BB3EC005F7608 /* numberOutput.m */ = {isa = PBXFileReference; fileEncoding = 4; lastKnownFileType = sourcecode.c.objc; path = numberOutput.m; sourceTree = "<group>"; };
		7AD2E3F21B5BB79A005F7608 /* Football.h */ = {isa = PBXFileReference; fileEncoding = 4; lastKnownFileType = sourcecode.c.h; path = Football.h; sourceTree = "<group>"; };
		7AD2E3F31B5BB79A005F7608 /* Football.m */ = {isa = PBXFileReference; fileEncoding = 4; lastKnownFileType = sourcecode.c.objc; path = Football.m; sourceTree = "<group>"; };
		7AD2E3F51B5BB8E2005F7608 /* QueryArrayFootball.h */ = {isa = PBXFileReference; fileEncoding = 4; lastKnownFileType = sourcecode.c.h; path = QueryArrayFootball.h; sourceTree = "<group>"; };
		7AD2E3F61B5BB8E2005F7608 /* QueryArrayFootball.m */ = {isa = PBXFileReference; fileEncoding = 4; lastKnownFileType = sourcecode.c.objc; path = QueryArrayFootball.m; sourceTree = "<group>"; };
/* End PBXFileReference section */

/* Begin PBXFrameworksBuildPhase section */
		7AA44DE91B56987000A02333 /* Frameworks */ = {
			isa = PBXFrameworksBuildPhase;
			buildActionMask = 2147483647;
			files = (
			);
			runOnlyForDeploymentPostprocessing = 0;
		};
/* End PBXFrameworksBuildPhase section */

/* Begin PBXGroup section */
		7AA44DE31B56987000A02333 = {
			isa = PBXGroup;
			children = (
				7A4072CB1B5B9AFD000E2CA9 /* logo.png */,
				7AA44DEE1B56987000A02333 /* AllOfApp */,
				7AA44DED1B56987000A02333 /* Products */,
			);
			sourceTree = "<group>";
		};
		7AA44DED1B56987000A02333 /* Products */ = {
			isa = PBXGroup;
			children = (
				7AA44DEC1B56987000A02333 /* AllOfApp.app */,
			);
			name = Products;
			sourceTree = "<group>";
		};
		7AA44DEE1B56987000A02333 /* AllOfApp */ = {
			isa = PBXGroup;
			children = (
				7AA44E061B56988D00A02333 /* Core */,
				7AA44DFB1B56987000A02333 /* Assets.xcassets */,
				7AA44DFD1B56987000A02333 /* LaunchScreen.storyboard */,
				7AA44E001B56987000A02333 /* Info.plist */,
				7AA44E141B569CCB00A02333 /* Array */,
				7AD2E3EB1B5BA787005F7608 /* training */,
				7AA44DEF1B56987000A02333 /* Supporting Files */,
			);
			path = AllOfApp;
			sourceTree = "<group>";
		};
		7AA44DEF1B56987000A02333 /* Supporting Files */ = {
			isa = PBXGroup;
			children = (
				7AA44DF01B56987000A02333 /* main.m */,
				7AA44E131B569A6100A02333 /* PrefixHeader.pch */,
			);
			name = "Supporting Files";
			sourceTree = "<group>";
		};
		7AA44E061B56988D00A02333 /* Core */ = {
			isa = PBXGroup;
			children = (
				7AA44E071B5699E900A02333 /* AppDelegate.h */,
				7AA44E081B5699E900A02333 /* AppDelegate.m */,
				7AA44E091B5699E900A02333 /* BootLogic.h */,
				7AA44E0A1B5699E900A02333 /* BootLogic.m */,
				7AA44E0B1B5699E900A02333 /* ConsoleScreen.h */,
				7AA44E0C1B5699E900A02333 /* ConsoleScreen.m */,
				7AA44E0D1B5699E900A02333 /* MainScreen.h */,
				7AA44E0E1B5699E900A02333 /* MainScreen.m */,
			);
			name = Core;
			sourceTree = "<group>";
		};
		7AA44E141B569CCB00A02333 /* Array */ = {
			isa = PBXGroup;
			children = (
				7AA44E151B569D6700A02333 /* CreatArray.h */,
				7AA44E161B569D6700A02333 /* CreatArray.m */,
				7AA44E181B56A6CB00A02333 /* Data.plist */,
				7A4072C81B5B9A3F000E2CA9 /* QueryArray.h */,
				7A4072C91B5B9A3F000E2CA9 /* QueryArray.m */,
				7A4072CD1B5B9CEB000E2CA9 /* Student.h */,
				7A4072CE1B5B9CEB000E2CA9 /* Student.m */,
				7AD2E3E81B5BA503005F7608 /* SendMessage.h */,
				7AD2E3E91B5BA503005F7608 /* SendMessage.m */,
			);
			name = Array;
			sourceTree = "<group>";
		};
		7AD2E3EB1B5BA787005F7608 /* training */ = {
			isa = PBXGroup;
			children = (
				7AD2E3F21B5BB79A005F7608 /* Football.h */,
				7AD2E3F31B5BB79A005F7608 /* Football.m */,
				7AD2E3EC1B5BB3EC005F7608 /* numberOutput.h */,
				7AD2E3ED1B5BB3EC005F7608 /* numberOutput.m */,
				7AD2E3F51B5BB8E2005F7608 /* QueryArrayFootball.h */,
				7AD2E3F61B5BB8E2005F7608 /* QueryArrayFootball.m */,
				7A414F241B5CC033008F887B /* ArrayCategory.h */,
				7A414F251B5CC033008F887B /* ArrayCategory.m */,
				7A414F261B5CC033008F887B /* ArrayCategoryy.h */,
				7A414F271B5CC033008F887B /* ArrayCategoryy.m */,
			);
			name = training;
			sourceTree = "<group>";
		};
/* End PBXGroup section */

/* Begin PBXNativeTarget section */
		7AA44DEB1B56987000A02333 /* AllOfApp */ = {
			isa = PBXNativeTarget;
			buildConfigurationList = 7AA44E031B56987000A02333 /* Build configuration list for PBXNativeTarget "AllOfApp" */;
			buildPhases = (
				7AA44DE81B56987000A02333 /* Sources */,
				7AA44DE91B56987000A02333 /* Frameworks */,
				7AA44DEA1B56987000A02333 /* Resources */,
			);
			buildRules = (
			);
			dependencies = (
			);
			name = AllOfApp;
			productName = AllOfApp;
			productReference = 7AA44DEC1B56987000A02333 /* AllOfApp.app */;
			productType = "com.apple.product-type.application";
		};
/* End PBXNativeTarget section */

/* Begin PBXProject section */
		7AA44DE41B56987000A02333 /* Project object */ = {
			isa = PBXProject;
			attributes = {
				LastUpgradeCheck = 0700;
				ORGANIZATIONNAME = "Nam Titan";
				TargetAttributes = {
					7AA44DEB1B56987000A02333 = {
						CreatedOnToolsVersion = 7.0;
					};
				};
			};
			buildConfigurationList = 7AA44DE71B56987000A02333 /* Build configuration list for PBXProject "AllOfApp" */;
			compatibilityVersion = "Xcode 3.2";
			developmentRegion = English;
			hasScannedForEncodings = 0;
			knownRegions = (
				en,
				Base,
			);
			mainGroup = 7AA44DE31B56987000A02333;
			productRefGroup = 7AA44DED1B56987000A02333 /* Products */;
			projectDirPath = "";
			projectRoot = "";
			targets = (
				7AA44DEB1B56987000A02333 /* AllOfApp */,
			);
		};
/* End PBXProject section */

/* Begin PBXResourcesBuildPhase section */
		7AA44DEA1B56987000A02333 /* Resources */ = {
			isa = PBXResourcesBuildPhase;
			buildActionMask = 2147483647;
			files = (
				7A4072CC1B5B9AFD000E2CA9 /* logo.png in Resources */,
				7AA44E191B56A6CB00A02333 /* Data.plist in Resources */,
				7AA44DFF1B56987000A02333 /* LaunchScreen.storyboard in Resources */,
				7AA44DFC1B56987000A02333 /* Assets.xcassets in Resources */,
			);
			runOnlyForDeploymentPostprocessing = 0;
		};
/* End PBXResourcesBuildPhase section */

/* Begin PBXSourcesBuildPhase section */
		7AA44DE81B56987000A02333 /* Sources */ = {
			isa = PBXSourcesBuildPhase;
			buildActionMask = 2147483647;
			files = (
				7AA44E101B5699E900A02333 /* BootLogic.m in Sources */,
				7AA44E121B5699E900A02333 /* MainScreen.m in Sources */,
				7AD2E3EA1B5BA503005F7608 /* SendMessage.m in Sources */,
				7AD2E3F71B5BB8E2005F7608 /* QueryArrayFootball.m in Sources */,
				7AA44E111B5699E900A02333 /* ConsoleScreen.m in Sources */,
				7A4072CF1B5B9CEB000E2CA9 /* Student.m in Sources */,
				7A4072CA1B5B9A3F000E2CA9 /* QueryArray.m in Sources */,
				7A414F281B5CC033008F887B /* ArrayCategory.m in Sources */,
				7A414F291B5CC033008F887B /* ArrayCategoryy.m in Sources */,
				7AA44E171B569D6700A02333 /* CreatArray.m in Sources */,
				7AD2E3EE1B5BB3EC005F7608 /* numberOutput.m in Sources */,
				7AA44E0F1B5699E900A02333 /* AppDelegate.m in Sources */,
				7AD2E3F41B5BB79A005F7608 /* Football.m in Sources */,
				7AA44DF11B56987000A02333 /* main.m in Sources */,
			);
			runOnlyForDeploymentPostprocessing = 0;
		};
/* End PBXSourcesBuildPhase section */

/* Begin PBXVariantGroup section */
		7AA44DFD1B56987000A02333 /* LaunchScreen.storyboard */ = {
			isa = PBXVariantGroup;
			children = (
				7AA44DFE1B56987000A02333 /* Base */,
			);
			name = LaunchScreen.storyboard;
			sourceTree = "<group>";
		};
/* End PBXVariantGroup section */

/* Begin XCBuildConfiguration section */
		7AA44E011B56987000A02333 /* Debug */ = {
			isa = XCBuildConfiguration;
			buildSettings = {
				ALWAYS_SEARCH_USER_PATHS = NO;
				CLANG_CXX_LANGUAGE_STANDARD = "gnu++0x";
				CLANG_CXX_LIBRARY = "libc++";
				CLANG_ENABLE_MODULES = YES;
				CLANG_ENABLE_OBJC_ARC = YES;
				CLANG_WARN_BOOL_CONVERSION = YES;
				CLANG_WARN_CONSTANT_CONVERSION = YES;
				CLANG_WARN_DIRECT_OBJC_ISA_USAGE = YES_ERROR;
				CLANG_WARN_EMPTY_BODY = YES;
				CLANG_WARN_ENUM_CONVERSION = YES;
				CLANG_WARN_INT_CONVERSION = YES;
				CLANG_WARN_OBJC_ROOT_CLASS = YES_ERROR;
				CLANG_WARN_UNREACHABLE_CODE = YES;
				CLANG_WARN__DUPLICATE_METHOD_MATCH = YES;
				"CODE_SIGN_IDENTITY[sdk=iphoneos*]" = "iPhone Developer";
				COPY_PHASE_STRIP = NO;
				DEBUG_INFORMATION_FORMAT = dwarf;
				ENABLE_STRICT_OBJC_MSGSEND = YES;
				ENABLE_TESTABILITY = YES;
				GCC_C_LANGUAGE_STANDARD = gnu99;
				GCC_DYNAMIC_NO_PIC = NO;
				GCC_NO_COMMON_BLOCKS = YES;
				GCC_OPTIMIZATION_LEVEL = 0;
				GCC_PREPROCESSOR_DEFINITIONS = (
					"DEBUG=1",
					"$(inherited)",
				);
				GCC_WARN_64_TO_32_BIT_CONVERSION = YES;
				GCC_WARN_ABOUT_RETURN_TYPE = YES_ERROR;
				GCC_WARN_UNDECLARED_SELECTOR = YES;
				GCC_WARN_UNINITIALIZED_AUTOS = YES_AGGRESSIVE;
				GCC_WARN_UNUSED_FUNCTION = YES;
				GCC_WARN_UNUSED_VARIABLE = YES;
				IPHONEOS_DEPLOYMENT_TARGET = 9.0;
				MTL_ENABLE_DEBUG_INFO = YES;
				ONLY_ACTIVE_ARCH = YES;
				SDKROOT = iphoneos;
			};
			name = Debug;
		};
		7AA44E021B56987000A02333 /* Release */ = {
			isa = XCBuildConfiguration;
			buildSettings = {
				ALWAYS_SEARCH_USER_PATHS = NO;
				CLANG_CXX_LANGUAGE_STANDARD = "gnu++0x";
				CLANG_CXX_LIBRARY = "libc++";
				CLANG_ENABLE_MODULES = YES;
				CLANG_ENABLE_OBJC_ARC = YES;
				CLANG_WARN_BOOL_CONVERSION = YES;
				CLANG_WARN_CONSTANT_CONVERSION = YES;
				CLANG_WARN_DIRECT_OBJC_ISA_USAGE = YES_ERROR;
				CLANG_WARN_EMPTY_BODY = YES;
				CLANG_WARN_ENUM_CONVERSION = YES;
				CLANG_WARN_INT_CONVERSION = YES;
				CLANG_WARN_OBJC_ROOT_CLASS = YES_ERROR;
				CLANG_WARN_UNREACHABLE_CODE = YES;
				CLANG_WARN__DUPLICATE_METHOD_MATCH = YES;
				"CODE_SIGN_IDENTITY[sdk=iphoneos*]" = "iPhone Developer";
				COPY_PHASE_STRIP = NO;
				DEBUG_INFORMATION_FORMAT = "dwarf-with-dsym";
				ENABLE_NS_ASSERTIONS = NO;
				ENABLE_STRICT_OBJC_MSGSEND = YES;
				GCC_C_LANGUAGE_STANDARD = gnu99;
				GCC_NO_COMMON_BLOCKS = YES;
				GCC_WARN_64_TO_32_BIT_CONVERSION = YES;
				GCC_WARN_ABOUT_RETURN_TYPE = YES_ERROR;
				GCC_WARN_UNDECLARED_SELECTOR = YES;
				GCC_WARN_UNINITIALIZED_AUTOS = YES_AGGRESSIVE;
				GCC_WARN_UNUSED_FUNCTION = YES;
				GCC_WARN_UNUSED_VARIABLE = YES;
				IPHONEOS_DEPLOYMENT_TARGET = 9.0;
				MTL_ENABLE_DEBUG_INFO = NO;
				SDKROOT = iphoneos;
				VALIDATE_PRODUCT = YES;
			};
			name = Release;
		};
		7AA44E041B56987000A02333 /* Debug */ = {
			isa = XCBuildConfiguration;
			buildSettings = {
				ASSETCATALOG_COMPILER_APPICON_NAME = AppIcon;
				INFOPLIST_FILE = AllOfApp/Info.plist;
				LD_RUNPATH_SEARCH_PATHS = "$(inherited) @executable_path/Frameworks";
				PRODUCT_BUNDLE_IDENTIFIER = namtitan.vn.AllOfApp;
				PRODUCT_NAME = "$(TARGET_NAME)";
			};
			name = Debug;
		};
		7AA44E051B56987000A02333 /* Release */ = {
			isa = XCBuildConfiguration;
			buildSettings = {
				ASSETCATALOG_COMPILER_APPICON_NAME = AppIcon;
				INFOPLIST_FILE = AllOfApp/Info.plist;
				LD_RUNPATH_SEARCH_PATHS = "$(inherited) @executable_path/Frameworks";
				PRODUCT_BUNDLE_IDENTIFIER = namtitan.vn.AllOfApp;
				PRODUCT_NAME = "$(TARGET_NAME)";
			};
			name = Release;
		};
/* End XCBuildConfiguration section */

/* Begin XCConfigurationList section */
		7AA44DE71B56987000A02333 /* Build configuration list for PBXProject "AllOfApp" */ = {
			isa = XCConfigurationList;
			buildConfigurations = (
				7AA44E011B56987000A02333 /* Debug */,
				7AA44E021B56987000A02333 /* Release */,
			);
			defaultConfigurationIsVisible = 0;
			defaultConfigurationName = Release;
		};
		7AA44E031B56987000A02333 /* Build configuration list for PBXNativeTarget "AllOfApp" */ = {
			isa = XCConfigurationList;
			buildConfigurations = (
				7AA44E041B56987000A02333 /* Debug */,
				7AA44E051B56987000A02333 /* Release */,
			);
			defaultConfigurationIsVisible = 0;
			defaultConfigurationName = Release;
		};
/* End XCConfigurationList section */
	};
	rootObject = 7AA44DE41B56987000A02333 /* Project object */;
}
